PODS:
  - Flutter (1.0.0)
  - flutter_conekta (0.0.1):
    - Flutter

DEPENDENCIES:
  - Flutter (from `Flutter`)
  - flutter_conekta (from `.symlinks/plugins/flutter_conekta/ios`)

EXTERNAL SOURCES:
  Flutter:
    :path: Flutter
  flutter_conekta:
    :path: ".symlinks/plugins/flutter_conekta/ios"

SPEC CHECKSUMS:
  Flutter: 0e3d915762c693b495b44d77113d4970485de6ec
  flutter_conekta: 262cb9591c70c74a9b84244797f29f84cfe0fa60

PODFILE CHECKSUM: f32fb4e7c14f8b3ca19a369d7be425dd9241af27

COCOAPODS: 1.9.3
