PODS:
  - Flutter (1.0.0)
  - flutter_conekta (0.0.1):
    - Flutter

DEPENDENCIES:
  - Flutter (from `.symlinks/flutter/ios-release`)
  - flutter_conekta (from `.symlinks/plugins/flutter_conekta/ios`)

EXTERNAL SOURCES:
  Flutter:
    :path: ".symlinks/flutter/ios-release"
  flutter_conekta:
    :path: ".symlinks/plugins/flutter_conekta/ios"

SPEC CHECKSUMS:
  Flutter: 58dd7d1b27887414a370fcccb9e645c08ffd7a6a
  flutter_conekta: 262cb9591c70c74a9b84244797f29f84cfe0fa60

PODFILE CHECKSUM: aff02bfeed411c636180d6812254b2daeea14d09

COCOAPODS: 1.6.1
